
Microsoft Visual Studio Solution File, Format Version 12.00
# Visual Studio Version 16
VisualStudioVersion = 16.0.810.8
MinimumVisualStudioVersion = 10.0.40219.1
Project("{FAE04EC0-301F-11D3-BF4B-00C04F79EFBC}") = "monorail-web-v3-allure", "monorail-web-v3-allure\monorail-web-v3-allure.csproj", "{D05B720B-2A5E-4029-A229-CF759B881387}"
EndProject
Global
	GlobalSection(SolutionConfigurationPlatforms) = preSolution
		Debug|Any CPU = Debug|Any CPU
		Release|Any CPU = Release|Any CPU
	EndGlobalSection
	GlobalSection(ProjectConfigurationPlatforms) = postSolution
		{D05B720B-2A5E-4029-A229-CF759B881387}.Debug|Any CPU.ActiveCfg = Debug|Any CPU
		{D05B720B-2A5E-4029-A229-CF759B881387}.Debug|Any CPU.Build.0 = Debug|Any CPU
		{D05B720B-2A5E-4029-A229-CF759B881387}.Release|Any CPU.ActiveCfg = Release|Any CPU
		{D05B720B-2A5E-4029-A229-CF759B881387}.Release|Any CPU.Build.0 = Release|Any CPU
	EndGlobalSection
	GlobalSection(SolutionProperties) = preSolution
		HideSolutionNode = FALSE
	EndGlobalSection
	GlobalSection(ExtensibilityGlobals) = postSolution
		SolutionGuid = {78FA6F80-7B33-41C2-A8D5-6C6A37492B0A}
	EndGlobalSection
EndGlobal
